# THIS IS AN AUTOGENERATED FILE. DO NOT EDIT THIS FILE DIRECTLY.
# yarn lockfile v1


responsivevoice@^0.4.1:
  version "0.4.1"
  resolved "https://registry.yarnpkg.com/responsivevoice/-/responsivevoice-0.4.1.tgz#fbec22ff9f325b638d0b12a2baaf75ffad20e704"
  integrity sha512-OQZ4vxfqwiYKdIKCA3TW+F6wY9cJDZJpUU+RKBzL1iAuJEp4KSJ+pyrKXajI62UThfGH95Gj4dA+wh4jDYlISw==
